// !$*UTF8*$!
{
	archiveVersion = 1;
	classes = {
	};
	objectVersion = 77;
	objects = {

/* Begin PBXBuildFile section */
		BAEEA57E2F3D71C800FF0BA2 /* LibraryView.swift in Sources */ = {isa = PBXBuildFile; fileRef = BAEEA5702F3D71C800FF0BA2 /* LibraryView.swift */; };
		BAEEA57F2F3D71C800FF0BA2 /* NetworkClient.swift in Sources */ = {isa = PBXBuildFile; fileRef = BAEEA5452F3D71C800FF0BA2 /* NetworkClient.swift */; };
		BAEEA5802F3D71C800FF0BA2 /* AnyEncodable.swift in Sources */ = {isa = PBXBuildFile; fileRef = BAEEA5422F3D71C800FF0BA2 /* AnyEncodable.swift */; };
		BAEEA5812F3D71C800FF0BA2 /* ReaderViewModel.swift in Sources */ = {isa = PBXBuildFile; fileRef = BAEEA5742F3D71C800FF0BA2 /* ReaderViewModel.swift */; };
		BAEEA5822F3D71C800FF0BA2 /* TableOfContentsView.swift in Sources */ = {isa = PBXBuildFile; fileRef = BAEEA56E2F3D71C800FF0BA2 /* TableOfContentsView.swift */; };
		BAEEA5832F3D71C800FF0BA2 /* AccountRepository.swift in Sources */ = {isa = PBXBuildFile; fileRef = BAEEA55C2F3D71C800FF0BA2 /* AccountRepository.swift */; };
		BAEEA5842F3D71C800FF0BA2 /* BookDetailsViewModel.swift in Sources */ = {isa = PBXBuildFile; fileRef = BAEEA56D2F3D71C800FF0BA2 /* BookDetailsViewModel.swift */; };
		BAEEA5852F3D71C800FF0BA2 /* AuthRepositoryImpl.swift in Sources */ = {isa = PBXBuildFile; fileRef = BAEEA5502F3D71C800FF0BA2 /* AuthRepositoryImpl.swift */; };
		BAEEA5862F3D71C800FF0BA2 /* LibraryRepositoryImpl.swift in Sources */ = {isa = PBXBuildFile; fileRef = BAEEA5522F3D71C800FF0BA2 /* LibraryRepositoryImpl.swift */; };
		BAEEA5872F3D71C800FF0BA2 /* LoginWithWebSSOUseCase.swift in Sources */ = {isa = PBXBuildFile; fileRef = BAEEA5652F3D71C800FF0BA2 /* LoginWithWebSSOUseCase.swift */; };
		BAEEA5882F3D71C800FF0BA2 /* KeychainTokenStore.swift in Sources */ = {isa = PBXBuildFile; fileRef = BAEEA53E2F3D71C800FF0BA2 /* KeychainTokenStore.swift */; };
		BAEEA5892F3D71C800FF0BA2 /* ReaderRepository.swift in Sources */ = {isa = PBXBuildFile; fileRef = BAEEA5602F3D71C800FF0BA2 /* ReaderRepository.swift */; };
		BAEEA58A2F3D71C800FF0BA2 /* AuthSession.swift in Sources */ = {isa = PBXBuildFile; fileRef = BAEEA5562F3D71C800FF0BA2 /* AuthSession.swift */; };
		BAEEA58B2F3D71C800FF0BA2 /* AuthRepository.swift in Sources */ = {isa = PBXBuildFile; fileRef = BAEEA55D2F3D71C800FF0BA2 /* AuthRepository.swift */; };
		BAEEA58C2F3D71C800FF0BA2 /* Endpoint.swift in Sources */ = {isa = PBXBuildFile; fileRef = BAEEA5442F3D71C800FF0BA2 /* Endpoint.swift */; };
		BAEEA58D2F3D71C800FF0BA2 /* LibraryViewModel.swift in Sources */ = {isa = PBXBuildFile; fileRef = BAEEA5712F3D71C800FF0BA2 /* LibraryViewModel.swift */; };
		BAEEA58E2F3D71C800FF0BA2 /* AuthDTO.swift in Sources */ = {isa = PBXBuildFile; fileRef = BAEEA54B2F3D71C800FF0BA2 /* AuthDTO.swift */; };
		BAEEA58F2F3D71C800FF0BA2 /* ReaderRepositoryImpl.swift in Sources */ = {isa = PBXBuildFile; fileRef = BAEEA5532F3D71C800FF0BA2 /* ReaderRepositoryImpl.swift */; };
		BAEEA5902F3D71C800FF0BA2 /* ATReaderApp.swift in Sources */ = {isa = PBXBuildFile; fileRef = BAEEA53B2F3D71C800FF0BA2 /* ATReaderApp.swift */; };
		BAEEA5912F3D71C800FF0BA2 /* LibraryDTO.swift in Sources */ = {isa = PBXBuildFile; fileRef = BAEEA54C2F3D71C800FF0BA2 /* LibraryDTO.swift */; };
		BAEEA5922F3D71C800FF0BA2 /* AppContainer.swift in Sources */ = {isa = PBXBuildFile; fileRef = BAEEA5392F3D71C800FF0BA2 /* AppContainer.swift */; };
		BAEEA5932F3D71C800FF0BA2 /* WebSSOLoginSheet.swift in Sources */ = {isa = PBXBuildFile; fileRef = BAEEA56A2F3D71C800FF0BA2 /* WebSSOLoginSheet.swift */; };
		BAEEA5942F3D71C800FF0BA2 /* TokenStore.swift in Sources */ = {isa = PBXBuildFile; fileRef = BAEEA53F2F3D71C800FF0BA2 /* TokenStore.swift */; };
		BAEEA5952F3D71C800FF0BA2 /* LoginView.swift in Sources */ = {isa = PBXBuildFile; fileRef = BAEEA5682F3D71C800FF0BA2 /* LoginView.swift */; };
		BAEEA5962F3D71C800FF0BA2 /* FetchWorkContentUseCase.swift in Sources */ = {isa = PBXBuildFile; fileRef = BAEEA5632F3D71C800FF0BA2 /* FetchWorkContentUseCase.swift */; };
		BAEEA5972F3D71C800FF0BA2 /* WebSSOAuthService.swift in Sources */ = {isa = PBXBuildFile; fileRef = BAEEA5402F3D71C800FF0BA2 /* WebSSOAuthService.swift */; };
		BAEEA5982F3D71C800FF0BA2 /* LibraryRepository.swift in Sources */ = {isa = PBXBuildFile; fileRef = BAEEA55E2F3D71C800FF0BA2 /* LibraryRepository.swift */; };
		BAEEA5992F3D71C800FF0BA2 /* BookDetailsView.swift in Sources */ = {isa = PBXBuildFile; fileRef = BAEEA56C2F3D71C800FF0BA2 /* BookDetailsView.swift */; };
		BAEEA59A2F3D71C800FF0BA2 /* AuthManager.swift in Sources */ = {isa = PBXBuildFile; fileRef = BAEEA53D2F3D71C800FF0BA2 /* AuthManager.swift */; };
		BAEEA59B2F3D71C800FF0BA2 /* ReadingPosition.swift in Sources */ = {isa = PBXBuildFile; fileRef = BAEEA5582F3D71C800FF0BA2 /* ReadingPosition.swift */; };
		BAEEA59C2F3D71C800FF0BA2 /* AppCoordinator.swift in Sources */ = {isa = PBXBuildFile; fileRef = BAEEA53A2F3D71C800FF0BA2 /* AppCoordinator.swift */; };
		BAEEA59D2F3D71C800FF0BA2 /* FetchLibraryUseCase.swift in Sources */ = {isa = PBXBuildFile; fileRef = BAEEA5622F3D71C800FF0BA2 /* FetchLibraryUseCase.swift */; };
		BAEEA59E2F3D71C800FF0BA2 /* InMemoryProgressRepository.swift in Sources */ = {isa = PBXBuildFile; fileRef = BAEEA5512F3D71C800FF0BA2 /* InMemoryProgressRepository.swift */; };
		BAEEA59F2F3D71C800FF0BA2 /* ATTheme.swift in Sources */ = {isa = PBXBuildFile; fileRef = BAEEA5482F3D71C800FF0BA2 /* ATTheme.swift */; };
		BAEEA5A02F3D71C800FF0BA2 /* APIError.swift in Sources */ = {isa = PBXBuildFile; fileRef = BAEEA5432F3D71C800FF0BA2 /* APIError.swift */; };
		BAEEA5A12F3D71C800FF0BA2 /* Chapter.swift in Sources */ = {isa = PBXBuildFile; fileRef = BAEEA5572F3D71C800FF0BA2 /* Chapter.swift */; };
		BAEEA5A22F3D71C800FF0BA2 /* LoginViewModel.swift in Sources */ = {isa = PBXBuildFile; fileRef = BAEEA5692F3D71C800FF0BA2 /* LoginViewModel.swift */; };
		BAEEA5A32F3D71C800FF0BA2 /* LoginUseCase.swift in Sources */ = {isa = PBXBuildFile; fileRef = BAEEA5642F3D71C800FF0BA2 /* LoginUseCase.swift */; };
		BAEEA5A42F3D71C800FF0BA2 /* ReaderView.swift in Sources */ = {isa = PBXBuildFile; fileRef = BAEEA5732F3D71C800FF0BA2 /* ReaderView.swift */; };
		BAEEA5A52F3D71C800FF0BA2 /* ProgressRepository.swift in Sources */ = {isa = PBXBuildFile; fileRef = BAEEA55F2F3D71C800FF0BA2 /* ProgressRepository.swift */; };
		BAEEA5A62F3D71C800FF0BA2 /* AppSettingsView.swift in Sources */ = {isa = PBXBuildFile; fileRef = BAEEA5472F3D71C800FF0BA2 /* AppSettingsView.swift */; };
		BAEEA5A72F3D71C800FF0BA2 /* User.swift in Sources */ = {isa = PBXBuildFile; fileRef = BAEEA5592F3D71C800FF0BA2 /* User.swift */; };
		BAEEA5A82F3D71C800FF0BA2 /* ReaderDTO.swift in Sources */ = {isa = PBXBuildFile; fileRef = BAEEA54D2F3D71C800FF0BA2 /* ReaderDTO.swift */; };
		BAEEA5A92F3D71C800FF0BA2 /* Work.swift in Sources */ = {isa = PBXBuildFile; fileRef = BAEEA55A2F3D71C800FF0BA2 /* Work.swift */; };
		BAEEA5AA2F3D71C800FF0BA2 /* Localizable.strings in Resources */ = {isa = PBXBuildFile; fileRef = BAEEA57A2F3D71C800FF0BA2 /* Localizable.strings */; };
/* End PBXBuildFile section */

/* Begin PBXFileReference section */
		BAEEA52B2F3D713C00FF0BA2 /* AT reader.app */ = {isa = PBXFileReference; explicitFileType = wrapper.application; includeInIndex = 0; path = "AT reader.app"; sourceTree = BUILT_PRODUCTS_DIR; };
		BAEEA5392F3D71C800FF0BA2 /* AppContainer.swift */ = {isa = PBXFileReference; lastKnownFileType = sourcecode.swift; path = AppContainer.swift; sourceTree = "<group>"; };
		BAEEA53A2F3D71C800FF0BA2 /* AppCoordinator.swift */ = {isa = PBXFileReference; lastKnownFileType = sourcecode.swift; path = AppCoordinator.swift; sourceTree = "<group>"; };
		BAEEA53B2F3D71C800FF0BA2 /* ATReaderApp.swift */ = {isa = PBXFileReference; lastKnownFileType = sourcecode.swift; path = ATReaderApp.swift; sourceTree = "<group>"; };
		BAEEA53D2F3D71C800FF0BA2 /* AuthManager.swift */ = {isa = PBXFileReference; lastKnownFileType = sourcecode.swift; path = AuthManager.swift; sourceTree = "<group>"; };
		BAEEA53E2F3D71C800FF0BA2 /* KeychainTokenStore.swift */ = {isa = PBXFileReference; lastKnownFileType = sourcecode.swift; path = KeychainTokenStore.swift; sourceTree = "<group>"; };
		BAEEA53F2F3D71C800FF0BA2 /* TokenStore.swift */ = {isa = PBXFileReference; lastKnownFileType = sourcecode.swift; path = TokenStore.swift; sourceTree = "<group>"; };
		BAEEA5402F3D71C800FF0BA2 /* WebSSOAuthService.swift */ = {isa = PBXFileReference; lastKnownFileType = sourcecode.swift; path = WebSSOAuthService.swift; sourceTree = "<group>"; };
		BAEEA5422F3D71C800FF0BA2 /* AnyEncodable.swift */ = {isa = PBXFileReference; lastKnownFileType = sourcecode.swift; path = AnyEncodable.swift; sourceTree = "<group>"; };
		BAEEA5432F3D71C800FF0BA2 /* APIError.swift */ = {isa = PBXFileReference; lastKnownFileType = sourcecode.swift; path = APIError.swift; sourceTree = "<group>"; };
		BAEEA5442F3D71C800FF0BA2 /* Endpoint.swift */ = {isa = PBXFileReference; lastKnownFileType = sourcecode.swift; path = Endpoint.swift; sourceTree = "<group>"; };
		BAEEA5452F3D71C800FF0BA2 /* NetworkClient.swift */ = {isa = PBXFileReference; lastKnownFileType = sourcecode.swift; path = NetworkClient.swift; sourceTree = "<group>"; };
		BAEEA5472F3D71C800FF0BA2 /* AppSettingsView.swift */ = {isa = PBXFileReference; lastKnownFileType = sourcecode.swift; path = AppSettingsView.swift; sourceTree = "<group>"; };
		BAEEA5482F3D71C800FF0BA2 /* ATTheme.swift */ = {isa = PBXFileReference; lastKnownFileType = sourcecode.swift; path = ATTheme.swift; sourceTree = "<group>"; };
		BAEEA54B2F3D71C800FF0BA2 /* AuthDTO.swift */ = {isa = PBXFileReference; lastKnownFileType = sourcecode.swift; path = AuthDTO.swift; sourceTree = "<group>"; };
		BAEEA54C2F3D71C800FF0BA2 /* LibraryDTO.swift */ = {isa = PBXFileReference; lastKnownFileType = sourcecode.swift; path = LibraryDTO.swift; sourceTree = "<group>"; };
		BAEEA54D2F3D71C800FF0BA2 /* ReaderDTO.swift */ = {isa = PBXFileReference; lastKnownFileType = sourcecode.swift; path = ReaderDTO.swift; sourceTree = "<group>"; };
		BAEEA5502F3D71C800FF0BA2 /* AuthRepositoryImpl.swift */ = {isa = PBXFileReference; lastKnownFileType = sourcecode.swift; path = AuthRepositoryImpl.swift; sourceTree = "<group>"; };
		BAEEA5512F3D71C800FF0BA2 /* InMemoryProgressRepository.swift */ = {isa = PBXFileReference; lastKnownFileType = sourcecode.swift; path = InMemoryProgressRepository.swift; sourceTree = "<group>"; };
		BAEEA5522F3D71C800FF0BA2 /* LibraryRepositoryImpl.swift */ = {isa = PBXFileReference; lastKnownFileType = sourcecode.swift; path = LibraryRepositoryImpl.swift; sourceTree = "<group>"; };
		BAEEA5532F3D71C800FF0BA2 /* ReaderRepositoryImpl.swift */ = {isa = PBXFileReference; lastKnownFileType = sourcecode.swift; path = ReaderRepositoryImpl.swift; sourceTree = "<group>"; };
		BAEEA5562F3D71C800FF0BA2 /* AuthSession.swift */ = {isa = PBXFileReference; lastKnownFileType = sourcecode.swift; path = AuthSession.swift; sourceTree = "<group>"; };
		BAEEA5572F3D71C800FF0BA2 /* Chapter.swift */ = {isa = PBXFileReference; lastKnownFileType = sourcecode.swift; path = Chapter.swift; sourceTree = "<group>"; };
		BAEEA5582F3D71C800FF0BA2 /* ReadingPosition.swift */ = {isa = PBXFileReference; lastKnownFileType = sourcecode.swift; path = ReadingPosition.swift; sourceTree = "<group>"; };
		BAEEA5592F3D71C800FF0BA2 /* User.swift */ = {isa = PBXFileReference; lastKnownFileType = sourcecode.swift; path = User.swift; sourceTree = "<group>"; };
		BAEEA55A2F3D71C800FF0BA2 /* Work.swift */ = {isa = PBXFileReference; lastKnownFileType = sourcecode.swift; path = Work.swift; sourceTree = "<group>"; };
		BAEEA55C2F3D71C800FF0BA2 /* AccountRepository.swift */ = {isa = PBXFileReference; lastKnownFileType = sourcecode.swift; path = AccountRepository.swift; sourceTree = "<group>"; };
		BAEEA55D2F3D71C800FF0BA2 /* AuthRepository.swift */ = {isa = PBXFileReference; lastKnownFileType = sourcecode.swift; path = AuthRepository.swift; sourceTree = "<group>"; };
		BAEEA55E2F3D71C800FF0BA2 /* LibraryRepository.swift */ = {isa = PBXFileReference; lastKnownFileType = sourcecode.swift; path = LibraryRepository.swift; sourceTree = "<group>"; };
		BAEEA55F2F3D71C800FF0BA2 /* ProgressRepository.swift */ = {isa = PBXFileReference; lastKnownFileType = sourcecode.swift; path = ProgressRepository.swift; sourceTree = "<group>"; };
		BAEEA5602F3D71C800FF0BA2 /* ReaderRepository.swift */ = {isa = PBXFileReference; lastKnownFileType = sourcecode.swift; path = ReaderRepository.swift; sourceTree = "<group>"; };
		BAEEA5622F3D71C800FF0BA2 /* FetchLibraryUseCase.swift */ = {isa = PBXFileReference; lastKnownFileType = sourcecode.swift; path = FetchLibraryUseCase.swift; sourceTree = "<group>"; };
		BAEEA5632F3D71C800FF0BA2 /* FetchWorkContentUseCase.swift */ = {isa = PBXFileReference; lastKnownFileType = sourcecode.swift; path = FetchWorkContentUseCase.swift; sourceTree = "<group>"; };
		BAEEA5642F3D71C800FF0BA2 /* LoginUseCase.swift */ = {isa = PBXFileReference; lastKnownFileType = sourcecode.swift; path = LoginUseCase.swift; sourceTree = "<group>"; };
		BAEEA5652F3D71C800FF0BA2 /* LoginWithWebSSOUseCase.swift */ = {isa = PBXFileReference; lastKnownFileType = sourcecode.swift; path = LoginWithWebSSOUseCase.swift; sourceTree = "<group>"; };
		BAEEA5682F3D71C800FF0BA2 /* LoginView.swift */ = {isa = PBXFileReference; lastKnownFileType = sourcecode.swift; path = LoginView.swift; sourceTree = "<group>"; };
		BAEEA5692F3D71C800FF0BA2 /* LoginViewModel.swift */ = {isa = PBXFileReference; lastKnownFileType = sourcecode.swift; path = LoginViewModel.swift; sourceTree = "<group>"; };
		BAEEA56A2F3D71C800FF0BA2 /* WebSSOLoginSheet.swift */ = {isa = PBXFileReference; lastKnownFileType = sourcecode.swift; path = WebSSOLoginSheet.swift; sourceTree = "<group>"; };
		BAEEA56C2F3D71C800FF0BA2 /* BookDetailsView.swift */ = {isa = PBXFileReference; lastKnownFileType = sourcecode.swift; path = BookDetailsView.swift; sourceTree = "<group>"; };
		BAEEA56D2F3D71C800FF0BA2 /* BookDetailsViewModel.swift */ = {isa = PBXFileReference; lastKnownFileType = sourcecode.swift; path = BookDetailsViewModel.swift; sourceTree = "<group>"; };
		BAEEA56E2F3D71C800FF0BA2 /* TableOfContentsView.swift */ = {isa = PBXFileReference; lastKnownFileType = sourcecode.swift; path = TableOfContentsView.swift; sourceTree = "<group>"; };
		BAEEA5702F3D71C800FF0BA2 /* LibraryView.swift */ = {isa = PBXFileReference; lastKnownFileType = sourcecode.swift; path = LibraryView.swift; sourceTree = "<group>"; };
		BAEEA5712F3D71C800FF0BA2 /* LibraryViewModel.swift */ = {isa = PBXFileReference; lastKnownFileType = sourcecode.swift; path = LibraryViewModel.swift; sourceTree = "<group>"; };
		BAEEA5732F3D71C800FF0BA2 /* ReaderView.swift */ = {isa = PBXFileReference; lastKnownFileType = sourcecode.swift; path = ReaderView.swift; sourceTree = "<group>"; };
		BAEEA5742F3D71C800FF0BA2 /* ReaderViewModel.swift */ = {isa = PBXFileReference; lastKnownFileType = sourcecode.swift; path = ReaderViewModel.swift; sourceTree = "<group>"; };
		BAEEA5782F3D71C800FF0BA2 /* en */ = {isa = PBXFileReference; lastKnownFileType = text.plist.strings; name = en; path = en.lproj/Localizable.strings; sourceTree = "<group>"; };
		BAEEA5792F3D71C800FF0BA2 /* ru */ = {isa = PBXFileReference; lastKnownFileType = text.plist.strings; name = ru; path = ru.lproj/Localizable.strings; sourceTree = "<group>"; };
/* End PBXFileReference section */

/* Begin PBXFileSystemSynchronizedRootGroup section */
		BAEEA52D2F3D713C00FF0BA2 /* AT reader */ = {
			isa = PBXFileSystemSynchronizedRootGroup;
			path = "AT reader";
			sourceTree = "<group>";
		};
/* End PBXFileSystemSynchronizedRootGroup section */

/* Begin PBXFrameworksBuildPhase section */
		BAEEA5282F3D713C00FF0BA2 /* Frameworks */ = {
			isa = PBXFrameworksBuildPhase;
			buildActionMask = 2147483647;
			files = (
			);
			runOnlyForDeploymentPostprocessing = 0;
		};
/* End PBXFrameworksBuildPhase section */

/* Begin PBXGroup section */
		BAEEA5222F3D713C00FF0BA2 = {
			isa = PBXGroup;
			children = (
				BAEEA57D2F3D71C800FF0BA2 /* ATReader */,
				BAEEA52D2F3D713C00FF0BA2 /* AT reader */,
				BAEEA52C2F3D713C00FF0BA2 /* Products */,
			);
			sourceTree = "<group>";
		};
		BAEEA52C2F3D713C00FF0BA2 /* Products */ = {
			isa = PBXGroup;
			children = (
				BAEEA52B2F3D713C00FF0BA2 /* AT reader.app */,
			);
			name = Products;
			sourceTree = "<group>";
		};
		BAEEA53C2F3D71C800FF0BA2 /* App */ = {
			isa = PBXGroup;
			children = (
				BAEEA5392F3D71C800FF0BA2 /* AppContainer.swift */,
				BAEEA53A2F3D71C800FF0BA2 /* AppCoordinator.swift */,
				BAEEA53B2F3D71C800FF0BA2 /* ATReaderApp.swift */,
			);
			path = App;
			sourceTree = "<group>";
		};
		BAEEA5412F3D71C800FF0BA2 /* Auth */ = {
			isa = PBXGroup;
			children = (
				BAEEA53D2F3D71C800FF0BA2 /* AuthManager.swift */,
				BAEEA53E2F3D71C800FF0BA2 /* KeychainTokenStore.swift */,
				BAEEA53F2F3D71C800FF0BA2 /* TokenStore.swift */,
				BAEEA5402F3D71C800FF0BA2 /* WebSSOAuthService.swift */,
			);
			path = Auth;
			sourceTree = "<group>";
		};
		BAEEA5462F3D71C800FF0BA2 /* Networking */ = {
			isa = PBXGroup;
			children = (
				BAEEA5422F3D71C800FF0BA2 /* AnyEncodable.swift */,
				BAEEA5432F3D71C800FF0BA2 /* APIError.swift */,
				BAEEA5442F3D71C800FF0BA2 /* Endpoint.swift */,
				BAEEA5452F3D71C800FF0BA2 /* NetworkClient.swift */,
			);
			path = Networking;
			sourceTree = "<group>";
		};
		BAEEA5492F3D71C800FF0BA2 /* UITheme */ = {
			isa = PBXGroup;
			children = (
				BAEEA5472F3D71C800FF0BA2 /* AppSettingsView.swift */,
				BAEEA5482F3D71C800FF0BA2 /* ATTheme.swift */,
			);
			path = UITheme;
			sourceTree = "<group>";
		};
		BAEEA54A2F3D71C800FF0BA2 /* Core */ = {
			isa = PBXGroup;
			children = (
				BAEEA5412F3D71C800FF0BA2 /* Auth */,
				BAEEA5462F3D71C800FF0BA2 /* Networking */,
				BAEEA5492F3D71C800FF0BA2 /* UITheme */,
			);
			path = Core;
			sourceTree = "<group>";
		};
		BAEEA54E2F3D71C800FF0BA2 /* DTO */ = {
			isa = PBXGroup;
			children = (
				BAEEA54B2F3D71C800FF0BA2 /* AuthDTO.swift */,
				BAEEA54C2F3D71C800FF0BA2 /* LibraryDTO.swift */,
				BAEEA54D2F3D71C800FF0BA2 /* ReaderDTO.swift */,
			);
			path = DTO;
			sourceTree = "<group>";
		};
		BAEEA54F2F3D71C800FF0BA2 /* Remote */ = {
			isa = PBXGroup;
			children = (
				BAEEA54E2F3D71C800FF0BA2 /* DTO */,
			);
			path = Remote;
			sourceTree = "<group>";
		};
		BAEEA5542F3D71C800FF0BA2 /* Repositories */ = {
			isa = PBXGroup;
			children = (
				BAEEA5502F3D71C800FF0BA2 /* AuthRepositoryImpl.swift */,
				BAEEA5512F3D71C800FF0BA2 /* InMemoryProgressRepository.swift */,
				BAEEA5522F3D71C800FF0BA2 /* LibraryRepositoryImpl.swift */,
				BAEEA5532F3D71C800FF0BA2 /* ReaderRepositoryImpl.swift */,
			);
			path = Repositories;
			sourceTree = "<group>";
		};
		BAEEA5552F3D71C800FF0BA2 /* Data */ = {
			isa = PBXGroup;
			children = (
				BAEEA54F2F3D71C800FF0BA2 /* Remote */,
				BAEEA5542F3D71C800FF0BA2 /* Repositories */,
			);
			path = Data;
			sourceTree = "<group>";
		};
		BAEEA55B2F3D71C800FF0BA2 /* Entities */ = {
			isa = PBXGroup;
			children = (
				BAEEA5562F3D71C800FF0BA2 /* AuthSession.swift */,
				BAEEA5572F3D71C800FF0BA2 /* Chapter.swift */,
				BAEEA5582F3D71C800FF0BA2 /* ReadingPosition.swift */,
				BAEEA5592F3D71C800FF0BA2 /* User.swift */,
				BAEEA55A2F3D71C800FF0BA2 /* Work.swift */,
			);
			path = Entities;
			sourceTree = "<group>";
		};
		BAEEA5612F3D71C800FF0BA2 /* Repositories */ = {
			isa = PBXGroup;
			children = (
				BAEEA55C2F3D71C800FF0BA2 /* AccountRepository.swift */,
				BAEEA55D2F3D71C800FF0BA2 /* AuthRepository.swift */,
				BAEEA55E2F3D71C800FF0BA2 /* LibraryRepository.swift */,
				BAEEA55F2F3D71C800FF0BA2 /* ProgressRepository.swift */,
				BAEEA5602F3D71C800FF0BA2 /* ReaderRepository.swift */,
			);
			path = Repositories;
			sourceTree = "<group>";
		};
		BAEEA5662F3D71C800FF0BA2 /* UseCases */ = {
			isa = PBXGroup;
			children = (
				BAEEA5622F3D71C800FF0BA2 /* FetchLibraryUseCase.swift */,
				BAEEA5632F3D71C800FF0BA2 /* FetchWorkContentUseCase.swift */,
				BAEEA5642F3D71C800FF0BA2 /* LoginUseCase.swift */,
				BAEEA5652F3D71C800FF0BA2 /* LoginWithWebSSOUseCase.swift */,
			);
			path = UseCases;
			sourceTree = "<group>";
		};
		BAEEA5672F3D71C800FF0BA2 /* Domain */ = {
			isa = PBXGroup;
			children = (
				BAEEA55B2F3D71C800FF0BA2 /* Entities */,
				BAEEA5612F3D71C800FF0BA2 /* Repositories */,
				BAEEA5662F3D71C800FF0BA2 /* UseCases */,
			);
			path = Domain;
			sourceTree = "<group>";
		};
		BAEEA56B2F3D71C800FF0BA2 /* Auth */ = {
			isa = PBXGroup;
			children = (
				BAEEA5682F3D71C800FF0BA2 /* LoginView.swift */,
				BAEEA5692F3D71C800FF0BA2 /* LoginViewModel.swift */,
				BAEEA56A2F3D71C800FF0BA2 /* WebSSOLoginSheet.swift */,
			);
			path = Auth;
			sourceTree = "<group>";
		};
		BAEEA56F2F3D71C800FF0BA2 /* BookDetails */ = {
			isa = PBXGroup;
			children = (
				BAEEA56C2F3D71C800FF0BA2 /* BookDetailsView.swift */,
				BAEEA56D2F3D71C800FF0BA2 /* BookDetailsViewModel.swift */,
				BAEEA56E2F3D71C800FF0BA2 /* TableOfContentsView.swift */,
			);
			path = BookDetails;
			sourceTree = "<group>";
		};
		BAEEA5722F3D71C800FF0BA2 /* Library */ = {
			isa = PBXGroup;
			children = (
				BAEEA5702F3D71C800FF0BA2 /* LibraryView.swift */,
				BAEEA5712F3D71C800FF0BA2 /* LibraryViewModel.swift */,
			);
			path = Library;
			sourceTree = "<group>";
		};
		BAEEA5752F3D71C800FF0BA2 /* Reader */ = {
			isa = PBXGroup;
			children = (
				BAEEA5732F3D71C800FF0BA2 /* ReaderView.swift */,
				BAEEA5742F3D71C800FF0BA2 /* ReaderViewModel.swift */,
			);
			path = Reader;
			sourceTree = "<group>";
		};
		BAEEA5762F3D71C800FF0BA2 /* Settings */ = {
			isa = PBXGroup;
			children = (
			);
			path = Settings;
			sourceTree = "<group>";
		};
		BAEEA5772F3D71C800FF0BA2 /* Features */ = {
			isa = PBXGroup;
			children = (
				BAEEA56B2F3D71C800FF0BA2 /* Auth */,
				BAEEA56F2F3D71C800FF0BA2 /* BookDetails */,
				BAEEA5722F3D71C800FF0BA2 /* Library */,
				BAEEA5752F3D71C800FF0BA2 /* Reader */,
				BAEEA5762F3D71C800FF0BA2 /* Settings */,
			);
			path = Features;
			sourceTree = "<group>";
		};
		BAEEA57B2F3D71C800FF0BA2 /* Localization */ = {
			isa = PBXGroup;
			children = (
				BAEEA57A2F3D71C800FF0BA2 /* Localizable.strings */,
			);
			path = Localization;
			sourceTree = "<group>";
		};
		BAEEA57C2F3D71C800FF0BA2 /* Resources */ = {
			isa = PBXGroup;
			children = (
				BAEEA57B2F3D71C800FF0BA2 /* Localization */,
			);
			path = Resources;
			sourceTree = "<group>";
		};
		BAEEA57D2F3D71C800FF0BA2 /* ATReader */ = {
			isa = PBXGroup;
			children = (
				BAEEA53C2F3D71C800FF0BA2 /* App */,
				BAEEA54A2F3D71C800FF0BA2 /* Core */,
				BAEEA5552F3D71C800FF0BA2 /* Data */,
				BAEEA5672F3D71C800FF0BA2 /* Domain */,
				BAEEA5772F3D71C800FF0BA2 /* Features */,
				BAEEA57C2F3D71C800FF0BA2 /* Resources */,
			);
			name = ATReader;
			path = ../ATReader;
			sourceTree = SOURCE_ROOT;
		};
/* End PBXGroup section */

/* Begin PBXNativeTarget section */
		BAEEA52A2F3D713C00FF0BA2 /* AT reader */ = {
			isa = PBXNativeTarget;
			buildConfigurationList = BAEEA5362F3D713E00FF0BA2 /* Build configuration list for PBXNativeTarget "AT reader" */;
			buildPhases = (
				BAEEA5272F3D713C00FF0BA2 /* Sources */,
				BAEEA5282F3D713C00FF0BA2 /* Frameworks */,
				BAEEA5292F3D713C00FF0BA2 /* Resources */,
			);
			buildRules = (
			);
			dependencies = (
			);
			fileSystemSynchronizedGroups = (
				BAEEA52D2F3D713C00FF0BA2 /* AT reader */,
			);
			name = "AT reader";
			packageProductDependencies = (
			);
			productName = "AT reader";
			productReference = BAEEA52B2F3D713C00FF0BA2 /* AT reader.app */;
			productType = "com.apple.product-type.application";
		};
/* End PBXNativeTarget section */

/* Begin PBXProject section */
		BAEEA5232F3D713C00FF0BA2 /* Project object */ = {
			isa = PBXProject;
			attributes = {
				BuildIndependentTargetsInParallel = 1;
				LastSwiftUpdateCheck = 2620;
				LastUpgradeCheck = 2620;
				TargetAttributes = {
					BAEEA52A2F3D713C00FF0BA2 = {
						CreatedOnToolsVersion = 26.2;
					};
				};
			};
			buildConfigurationList = BAEEA5262F3D713C00FF0BA2 /* Build configuration list for PBXProject "AT reader" */;
			developmentRegion = en;
			hasScannedForEncodings = 0;
			knownRegions = (
				en,
				Base,
				ru,
			);
			mainGroup = BAEEA5222F3D713C00FF0BA2;
			minimizedProjectReferenceProxies = 1;
			preferredProjectObjectVersion = 77;
			productRefGroup = BAEEA52C2F3D713C00FF0BA2 /* Products */;
			projectDirPath = "";
			projectRoot = "";
			targets = (
				BAEEA52A2F3D713C00FF0BA2 /* AT reader */,
			);
		};
/* End PBXProject section */

/* Begin PBXResourcesBuildPhase section */
		BAEEA5292F3D713C00FF0BA2 /* Resources */ = {
			isa = PBXResourcesBuildPhase;
			buildActionMask = 2147483647;
			files = (
				BAEEA5AA2F3D71C800FF0BA2 /* Localizable.strings in Resources */,
			);
			runOnlyForDeploymentPostprocessing = 0;
		};
/* End PBXResourcesBuildPhase section */

/* Begin PBXSourcesBuildPhase section */
		BAEEA5272F3D713C00FF0BA2 /* Sources */ = {
			isa = PBXSourcesBuildPhase;
			buildActionMask = 2147483647;
			files = (
				BAEEA57E2F3D71C800FF0BA2 /* LibraryView.swift in Sources */,
				BAEEA57F2F3D71C800FF0BA2 /* NetworkClient.swift in Sources */,
				BAEEA5802F3D71C800FF0BA2 /* AnyEncodable.swift in Sources */,
				BAEEA5812F3D71C800FF0BA2 /* ReaderViewModel.swift in Sources */,
				BAEEA5822F3D71C800FF0BA2 /* TableOfContentsView.swift in Sources */,
				BAEEA5832F3D71C800FF0BA2 /* AccountRepository.swift in Sources */,
				BAEEA5842F3D71C800FF0BA2 /* BookDetailsViewModel.swift in Sources */,
				BAEEA5852F3D71C800FF0BA2 /* AuthRepositoryImpl.swift in Sources */,
				BAEEA5862F3D71C800FF0BA2 /* LibraryRepositoryImpl.swift in Sources */,
				BAEEA5872F3D71C800FF0BA2 /* LoginWithWebSSOUseCase.swift in Sources */,
				BAEEA5882F3D71C800FF0BA2 /* KeychainTokenStore.swift in Sources */,
				BAEEA5892F3D71C800FF0BA2 /* ReaderRepository.swift in Sources */,
				BAEEA58A2F3D71C800FF0BA2 /* AuthSession.swift in Sources */,
				BAEEA58B2F3D71C800FF0BA2 /* AuthRepository.swift in Sources */,
				BAEEA58C2F3D71C800FF0BA2 /* Endpoint.swift in Sources */,
				BAEEA58D2F3D71C800FF0BA2 /* LibraryViewModel.swift in Sources */,
				BAEEA58E2F3D71C800FF0BA2 /* AuthDTO.swift in Sources */,
				BAEEA58F2F3D71C800FF0BA2 /* ReaderRepositoryImpl.swift in Sources */,
				BAEEA5902F3D71C800FF0BA2 /* ATReaderApp.swift in Sources */,
				BAEEA5912F3D71C800FF0BA2 /* LibraryDTO.swift in Sources */,
				BAEEA5922F3D71C800FF0BA2 /* AppContainer.swift in Sources */,
				BAEEA5932F3D71C800FF0BA2 /* WebSSOLoginSheet.swift in Sources */,
				BAEEA5942F3D71C800FF0BA2 /* TokenStore.swift in Sources */,
				BAEEA5952F3D71C800FF0BA2 /* LoginView.swift in Sources */,
				BAEEA5962F3D71C800FF0BA2 /* FetchWorkContentUseCase.swift in Sources */,
				BAEEA5972F3D71C800FF0BA2 /* WebSSOAuthService.swift in Sources */,
				BAEEA5982F3D71C800FF0BA2 /* LibraryRepository.swift in Sources */,
				BAEEA5992F3D71C800FF0BA2 /* BookDetailsView.swift in Sources */,
				BAEEA59A2F3D71C800FF0BA2 /* AuthManager.swift in Sources */,
				BAEEA59B2F3D71C800FF0BA2 /* ReadingPosition.swift in Sources */,
				BAEEA59C2F3D71C800FF0BA2 /* AppCoordinator.swift in Sources */,
				BAEEA59D2F3D71C800FF0BA2 /* FetchLibraryUseCase.swift in Sources */,
				BAEEA59E2F3D71C800FF0BA2 /* InMemoryProgressRepository.swift in Sources */,
				BAEEA59F2F3D71C800FF0BA2 /* ATTheme.swift in Sources */,
				BAEEA5A02F3D71C800FF0BA2 /* APIError.swift in Sources */,
				BAEEA5A12F3D71C800FF0BA2 /* Chapter.swift in Sources */,
				BAEEA5A22F3D71C800FF0BA2 /* LoginViewModel.swift in Sources */,
				BAEEA5A32F3D71C800FF0BA2 /* LoginUseCase.swift in Sources */,
				BAEEA5A42F3D71C800FF0BA2 /* ReaderView.swift in Sources */,
				BAEEA5A52F3D71C800FF0BA2 /* ProgressRepository.swift in Sources */,
				BAEEA5A62F3D71C800FF0BA2 /* AppSettingsView.swift in Sources */,
				BAEEA5A72F3D71C800FF0BA2 /* User.swift in Sources */,
				BAEEA5A82F3D71C800FF0BA2 /* ReaderDTO.swift in Sources */,
				BAEEA5A92F3D71C800FF0BA2 /* Work.swift in Sources */,
			);
			runOnlyForDeploymentPostprocessing = 0;
		};
/* End PBXSourcesBuildPhase section */

/* Begin PBXVariantGroup section */
		BAEEA57A2F3D71C800FF0BA2 /* Localizable.strings */ = {
			isa = PBXVariantGroup;
			children = (
				BAEEA5782F3D71C800FF0BA2 /* en */,
				BAEEA5792F3D71C800FF0BA2 /* ru */,
			);
			name = Localizable.strings;
			sourceTree = "<group>";
		};
/* End PBXVariantGroup section */

/* Begin XCBuildConfiguration section */
		BAEEA5342F3D713E00FF0BA2 /* Debug */ = {
			isa = XCBuildConfiguration;
			buildSettings = {
				ALWAYS_SEARCH_USER_PATHS = NO;
				ASSETCATALOG_COMPILER_GENERATE_SWIFT_ASSET_SYMBOL_EXTENSIONS = YES;
				CLANG_ANALYZER_NONNULL = YES;
				CLANG_ANALYZER_NUMBER_OBJECT_CONVERSION = YES_AGGRESSIVE;
				CLANG_CXX_LANGUAGE_STANDARD = "gnu++20";
				CLANG_ENABLE_MODULES = YES;
				CLANG_ENABLE_OBJC_ARC = YES;
				CLANG_ENABLE_OBJC_WEAK = YES;
				CLANG_WARN_BLOCK_CAPTURE_AUTORELEASING = YES;
				CLANG_WARN_BOOL_CONVERSION = YES;
				CLANG_WARN_COMMA = YES;
				CLANG_WARN_CONSTANT_CONVERSION = YES;
				CLANG_WARN_DEPRECATED_OBJC_IMPLEMENTATIONS = YES;
				CLANG_WARN_DIRECT_OBJC_ISA_USAGE = YES_ERROR;
				CLANG_WARN_DOCUMENTATION_COMMENTS = YES;
				CLANG_WARN_EMPTY_BODY = YES;
				CLANG_WARN_ENUM_CONVERSION = YES;
				CLANG_WARN_INFINITE_RECURSION = YES;
				CLANG_WARN_INT_CONVERSION = YES;
				CLANG_WARN_NON_LITERAL_NULL_CONVERSION = YES;
				CLANG_WARN_OBJC_IMPLICIT_RETAIN_SELF = YES;
				CLANG_WARN_OBJC_LITERAL_CONVERSION = YES;
				CLANG_WARN_OBJC_ROOT_CLASS = YES_ERROR;
				CLANG_WARN_QUOTED_INCLUDE_IN_FRAMEWORK_HEADER = YES;
				CLANG_WARN_RANGE_LOOP_ANALYSIS = YES;
				CLANG_WARN_STRICT_PROTOTYPES = YES;
				CLANG_WARN_SUSPICIOUS_MOVE = YES;
				CLANG_WARN_UNGUARDED_AVAILABILITY = YES_AGGRESSIVE;
				CLANG_WARN_UNREACHABLE_CODE = YES;
				CLANG_WARN__DUPLICATE_METHOD_MATCH = YES;
				COPY_PHASE_STRIP = NO;
				DEBUG_INFORMATION_FORMAT = dwarf;
				ENABLE_STRICT_OBJC_MSGSEND = YES;
				ENABLE_TESTABILITY = YES;
				ENABLE_USER_SCRIPT_SANDBOXING = YES;
				GCC_C_LANGUAGE_STANDARD = gnu17;
				GCC_DYNAMIC_NO_PIC = NO;
				GCC_NO_COMMON_BLOCKS = YES;
				GCC_OPTIMIZATION_LEVEL = 0;
				GCC_PREPROCESSOR_DEFINITIONS = (
					"DEBUG=1",
					"$(inherited)",
				);
				GCC_WARN_64_TO_32_BIT_CONVERSION = YES;
				GCC_WARN_ABOUT_RETURN_TYPE = YES_ERROR;
				GCC_WARN_UNDECLARED_SELECTOR = YES;
				GCC_WARN_UNINITIALIZED_AUTOS = YES_AGGRESSIVE;
				GCC_WARN_UNUSED_FUNCTION = YES;
				GCC_WARN_UNUSED_VARIABLE = YES;
				IPHONEOS_DEPLOYMENT_TARGET = 26.2;
				LOCALIZATION_PREFERS_STRING_CATALOGS = YES;
				MTL_ENABLE_DEBUG_INFO = INCLUDE_SOURCE;
				MTL_FAST_MATH = YES;
				ONLY_ACTIVE_ARCH = YES;
				SDKROOT = iphoneos;
				SWIFT_ACTIVE_COMPILATION_CONDITIONS = "DEBUG $(inherited)";
				SWIFT_OPTIMIZATION_LEVEL = "-Onone";
			};
			name = Debug;
		};
		BAEEA5352F3D713E00FF0BA2 /* Release */ = {
			isa = XCBuildConfiguration;
			buildSettings = {
				ALWAYS_SEARCH_USER_PATHS = NO;
				ASSETCATALOG_COMPILER_GENERATE_SWIFT_ASSET_SYMBOL_EXTENSIONS = YES;
				CLANG_ANALYZER_NONNULL = YES;
				CLANG_ANALYZER_NUMBER_OBJECT_CONVERSION = YES_AGGRESSIVE;
				CLANG_CXX_LANGUAGE_STANDARD = "gnu++20";
				CLANG_ENABLE_MODULES = YES;
				CLANG_ENABLE_OBJC_ARC = YES;
				CLANG_ENABLE_OBJC_WEAK = YES;
				CLANG_WARN_BLOCK_CAPTURE_AUTORELEASING = YES;
				CLANG_WARN_BOOL_CONVERSION = YES;
				CLANG_WARN_COMMA = YES;
				CLANG_WARN_CONSTANT_CONVERSION = YES;
				CLANG_WARN_DEPRECATED_OBJC_IMPLEMENTATIONS = YES;
				CLANG_WARN_DIRECT_OBJC_ISA_USAGE = YES_ERROR;
				CLANG_WARN_DOCUMENTATION_COMMENTS = YES;
				CLANG_WARN_EMPTY_BODY = YES;
				CLANG_WARN_ENUM_CONVERSION = YES;
				CLANG_WARN_INFINITE_RECURSION = YES;
				CLANG_WARN_INT_CONVERSION = YES;
				CLANG_WARN_NON_LITERAL_NULL_CONVERSION = YES;
				CLANG_WARN_OBJC_IMPLICIT_RETAIN_SELF = YES;
				CLANG_WARN_OBJC_LITERAL_CONVERSION = YES;
				CLANG_WARN_OBJC_ROOT_CLASS = YES_ERROR;
				CLANG_WARN_QUOTED_INCLUDE_IN_FRAMEWORK_HEADER = YES;
				CLANG_WARN_RANGE_LOOP_ANALYSIS = YES;
				CLANG_WARN_STRICT_PROTOTYPES = YES;
				CLANG_WARN_SUSPICIOUS_MOVE = YES;
				CLANG_WARN_UNGUARDED_AVAILABILITY = YES_AGGRESSIVE;
				CLANG_WARN_UNREACHABLE_CODE = YES;
				CLANG_WARN__DUPLICATE_METHOD_MATCH = YES;
				COPY_PHASE_STRIP = NO;
				DEBUG_INFORMATION_FORMAT = "dwarf-with-dsym";
				ENABLE_NS_ASSERTIONS = NO;
				ENABLE_STRICT_OBJC_MSGSEND = YES;
				ENABLE_USER_SCRIPT_SANDBOXING = YES;
				GCC_C_LANGUAGE_STANDARD = gnu17;
				GCC_NO_COMMON_BLOCKS = YES;
				GCC_WARN_64_TO_32_BIT_CONVERSION = YES;
				GCC_WARN_ABOUT_RETURN_TYPE = YES_ERROR;
				GCC_WARN_UNDECLARED_SELECTOR = YES;
				GCC_WARN_UNINITIALIZED_AUTOS = YES_AGGRESSIVE;
				GCC_WARN_UNUSED_FUNCTION = YES;
				GCC_WARN_UNUSED_VARIABLE = YES;
				IPHONEOS_DEPLOYMENT_TARGET = 26.2;
				LOCALIZATION_PREFERS_STRING_CATALOGS = YES;
				MTL_ENABLE_DEBUG_INFO = NO;
				MTL_FAST_MATH = YES;
				SDKROOT = iphoneos;
				SWIFT_COMPILATION_MODE = wholemodule;
				VALIDATE_PRODUCT = YES;
			};
			name = Release;
		};
		BAEEA5372F3D713E00FF0BA2 /* Debug */ = {
			isa = XCBuildConfiguration;
			buildSettings = {
				ASSETCATALOG_COMPILER_APPICON_NAME = AppIcon;
				ASSETCATALOG_COMPILER_GLOBAL_ACCENT_COLOR_NAME = AccentColor;
				CODE_SIGN_STYLE = Automatic;
				CURRENT_PROJECT_VERSION = 1;
				DEVELOPMENT_TEAM = FMVLU43XF9;
				ENABLE_PREVIEWS = YES;
				GENERATE_INFOPLIST_FILE = YES;
				INFOPLIST_KEY_UIApplicationSceneManifest_Generation = YES;
				INFOPLIST_KEY_UIApplicationSupportsIndirectInputEvents = YES;
				INFOPLIST_KEY_UILaunchScreen_Generation = YES;
				INFOPLIST_KEY_UISupportedInterfaceOrientations_iPad = "UIInterfaceOrientationPortrait UIInterfaceOrientationPortraitUpsideDown UIInterfaceOrientationLandscapeLeft UIInterfaceOrientationLandscapeRight";
				INFOPLIST_KEY_UISupportedInterfaceOrientations_iPhone = "UIInterfaceOrientationPortrait UIInterfaceOrientationLandscapeLeft UIInterfaceOrientationLandscapeRight";
				LD_RUNPATH_SEARCH_PATHS = (
					"$(inherited)",
					"@executable_path/Frameworks",
				);
				MARKETING_VERSION = 1.0;
				PRODUCT_BUNDLE_IDENTIFIER = "dmitreyvladimirovic.AT-reader";
				PRODUCT_NAME = "$(TARGET_NAME)";
				STRING_CATALOG_GENERATE_SYMBOLS = YES;
				SWIFT_APPROACHABLE_CONCURRENCY = YES;
				SWIFT_DEFAULT_ACTOR_ISOLATION = MainActor;
				SWIFT_EMIT_LOC_STRINGS = YES;
				SWIFT_UPCOMING_FEATURE_MEMBER_IMPORT_VISIBILITY = YES;
				SWIFT_VERSION = 5.0;
				TARGETED_DEVICE_FAMILY = "1,2";
			};
			name = Debug;
		};
		BAEEA5382F3D713E00FF0BA2 /* Release */ = {
			isa = XCBuildConfiguration;
			buildSettings = {
				ASSETCATALOG_COMPILER_APPICON_NAME = AppIcon;
				ASSETCATALOG_COMPILER_GLOBAL_ACCENT_COLOR_NAME = AccentColor;
				CODE_SIGN_STYLE = Automatic;
				CURRENT_PROJECT_VERSION = 1;
				DEVELOPMENT_TEAM = FMVLU43XF9;
				ENABLE_PREVIEWS = YES;
				GENERATE_INFOPLIST_FILE = YES;
				INFOPLIST_KEY_UIApplicationSceneManifest_Generation = YES;
				INFOPLIST_KEY_UIApplicationSupportsIndirectInputEvents = YES;
				INFOPLIST_KEY_UILaunchScreen_Generation = YES;
				INFOPLIST_KEY_UISupportedInterfaceOrientations_iPad = "UIInterfaceOrientationPortrait UIInterfaceOrientationPortraitUpsideDown UIInterfaceOrientationLandscapeLeft UIInterfaceOrientationLandscapeRight";
				INFOPLIST_KEY_UISupportedInterfaceOrientations_iPhone = "UIInterfaceOrientationPortrait UIInterfaceOrientationLandscapeLeft UIInterfaceOrientationLandscapeRight";
				LD_RUNPATH_SEARCH_PATHS = (
					"$(inherited)",
					"@executable_path/Frameworks",
				);
				MARKETING_VERSION = 1.0;
				PRODUCT_BUNDLE_IDENTIFIER = "dmitreyvladimirovic.AT-reader";
				PRODUCT_NAME = "$(TARGET_NAME)";
				STRING_CATALOG_GENERATE_SYMBOLS = YES;
				SWIFT_APPROACHABLE_CONCURRENCY = YES;
				SWIFT_DEFAULT_ACTOR_ISOLATION = MainActor;
				SWIFT_EMIT_LOC_STRINGS = YES;
				SWIFT_UPCOMING_FEATURE_MEMBER_IMPORT_VISIBILITY = YES;
				SWIFT_VERSION = 5.0;
				TARGETED_DEVICE_FAMILY = "1,2";
			};
			name = Release;
		};
/* End XCBuildConfiguration section */

/* Begin XCConfigurationList section */
		BAEEA5262F3D713C00FF0BA2 /* Build configuration list for PBXProject "AT reader" */ = {
			isa = XCConfigurationList;
			buildConfigurations = (
				BAEEA5342F3D713E00FF0BA2 /* Debug */,
				BAEEA5352F3D713E00FF0BA2 /* Release */,
			);
			defaultConfigurationIsVisible = 0;
			defaultConfigurationName = Release;
		};
		BAEEA5362F3D713E00FF0BA2 /* Build configuration list for PBXNativeTarget "AT reader" */ = {
			isa = XCConfigurationList;
			buildConfigurations = (
				BAEEA5372F3D713E00FF0BA2 /* Debug */,
				BAEEA5382F3D713E00FF0BA2 /* Release */,
			);
			defaultConfigurationIsVisible = 0;
			defaultConfigurationName = Release;
		};
/* End XCConfigurationList section */
	};
	rootObject = BAEEA5232F3D713C00FF0BA2 /* Project object */;
}
